
Microsoft Visual Studio Solution File, Format Version 12.00
# Visual Studio Version 16
VisualStudioVersion = 16.0.29020.237
MinimumVisualStudioVersion = 10.0.40219.1
Project("{FAE04EC0-301F-11D3-BF4B-00C04F79EFBC}") = "CSharp_Generics", "CSharp_Generics.csproj", "{A07B3665-BC51-409D-8560-A7643D4D7116}"
EndProject
Global
	GlobalSection(SolutionConfigurationPlatforms) = preSolution
		Debug|Any CPU = Debug|Any CPU
		Release|Any CPU = Release|Any CPU
	EndGlobalSection
	GlobalSection(ProjectConfigurationPlatforms) = postSolution
		{A07B3665-BC51-409D-8560-A7643D4D7116}.Debug|Any CPU.ActiveCfg = Debug|Any CPU
		{A07B3665-BC51-409D-8560-A7643D4D7116}.Debug|Any CPU.Build.0 = Debug|Any CPU
		{A07B3665-BC51-409D-8560-A7643D4D7116}.Release|Any CPU.ActiveCfg = Release|Any CPU
		{A07B3665-BC51-409D-8560-A7643D4D7116}.Release|Any CPU.Build.0 = Release|Any CPU
	EndGlobalSection
	GlobalSection(SolutionProperties) = preSolution
		HideSolutionNode = FALSE
	EndGlobalSection
	GlobalSection(ExtensibilityGlobals) = postSolution
		SolutionGuid = {97868503-6C84-4AF1-B9F6-A00BE91E07AD}
	EndGlobalSection
EndGlobal
